Microsoft Visual Studio Solution File, Format Version 12.00
# Visual Studio Version 17
VisualStudioVersion = 17.5.2.0
MinimumVisualStudioVersion = 10.0.40219.1
Project("{FAE04EC0-301F-11D3-BF4B-00C04F79EFBC}") = "inventory--system", "inventory--system\inventory--system.csproj", "{2AB0F741-078C-3790-35DB-9E067F3A6F4C}"
EndProject
Global
	GlobalSection(SolutionConfigurationPlatforms) = preSolution
		Debug|Any CPU = Debug|Any CPU
		Release|Any CPU = Release|Any CPU
	EndGlobalSection
	GlobalSection(ProjectConfigurationPlatforms) = postSolution
		{2AB0F741-078C-3790-35DB-9E067F3A6F4C}.Debug|Any CPU.ActiveCfg = Debug|Any CPU
		{2AB0F741-078C-3790-35DB-9E067F3A6F4C}.Debug|Any CPU.Build.0 = Debug|Any CPU
		{2AB0F741-078C-3790-35DB-9E067F3A6F4C}.Release|Any CPU.ActiveCfg = Release|Any CPU
		{2AB0F741-078C-3790-35DB-9E067F3A6F4C}.Release|Any CPU.Build.0 = Release|Any CPU
	EndGlobalSection
	GlobalSection(SolutionProperties) = preSolution
		HideSolutionNode = FALSE
	EndGlobalSection
	GlobalSection(ExtensibilityGlobals) = postSolution
		SolutionGuid = {BF7B2700-370A-4F14-BB81-8376D410452F}
	EndGlobalSection
EndGlobal
